
Microsoft Visual Studio Solution File, Format Version 12.00
# Visual Studio Version 17
VisualStudioVersion = 17.7.34202.233
MinimumVisualStudioVersion = 10.0.40219.1
Project("{9A19103F-16F7-4668-BE54-9A1E7A4F7556}") = "Exercicio1", "Exercicio1.csproj", "{6AD1B966-C279-4704-9F0F-EBA5F9F36B99}"
EndProject
Project("{FAE04EC0-301F-11D3-BF4B-00C04F79EFBC}") = "Exercicio2", "..\Exercicio2\Exercicio2.csproj", "{4543F88E-B725-4D6D-A863-11B2B76FA6F0}"
EndProject
Global
	GlobalSection(SolutionConfigurationPlatforms) = preSolution
		Debug|Any CPU = Debug|Any CPU
		Release|Any CPU = Release|Any CPU
	EndGlobalSection
	GlobalSection(ProjectConfigurationPlatforms) = postSolution
		{6AD1B966-C279-4704-9F0F-EBA5F9F36B99}.Debug|Any CPU.ActiveCfg = Debug|Any CPU
		{6AD1B966-C279-4704-9F0F-EBA5F9F36B99}.Debug|Any CPU.Build.0 = Debug|Any CPU
		{6AD1B966-C279-4704-9F0F-EBA5F9F36B99}.Release|Any CPU.ActiveCfg = Release|Any CPU
		{6AD1B966-C279-4704-9F0F-EBA5F9F36B99}.Release|Any CPU.Build.0 = Release|Any CPU
		{4543F88E-B725-4D6D-A863-11B2B76FA6F0}.Debug|Any CPU.ActiveCfg = Debug|Any CPU
		{4543F88E-B725-4D6D-A863-11B2B76FA6F0}.Debug|Any CPU.Build.0 = Debug|Any CPU
		{4543F88E-B725-4D6D-A863-11B2B76FA6F0}.Release|Any CPU.ActiveCfg = Release|Any CPU
		{4543F88E-B725-4D6D-A863-11B2B76FA6F0}.Release|Any CPU.Build.0 = Release|Any CPU
	EndGlobalSection
	GlobalSection(SolutionProperties) = preSolution
		HideSolutionNode = FALSE
	EndGlobalSection
	GlobalSection(ExtensibilityGlobals) = postSolution
		SolutionGuid = {3F0B9720-4552-4120-B995-319966EB2D0F}
	EndGlobalSection
EndGlobal
